
Microsoft Visual Studio Solution File, Format Version 12.00
# Visual Studio Version 17
VisualStudioVersion = 17.11.35312.102
MinimumVisualStudioVersion = 10.0.40219.1
Project("{FAE04EC0-301F-11D3-BF4B-00C04F79EFBC}") = "ConsoleApp2", "ConsoleApp2\ConsoleApp2.csproj", "{628A8FCE-3AA0-4411-97F7-B42E7E0A430D}"
EndProject
Global
	GlobalSection(SolutionConfigurationPlatforms) = preSolution
		Debug|Any CPU = Debug|Any CPU
		Release|Any CPU = Release|Any CPU
	EndGlobalSection
	GlobalSection(ProjectConfigurationPlatforms) = postSolution
		{628A8FCE-3AA0-4411-97F7-B42E7E0A430D}.Debug|Any CPU.ActiveCfg = Debug|Any CPU
		{628A8FCE-3AA0-4411-97F7-B42E7E0A430D}.Debug|Any CPU.Build.0 = Debug|Any CPU
		{628A8FCE-3AA0-4411-97F7-B42E7E0A430D}.Release|Any CPU.ActiveCfg = Release|Any CPU
		{628A8FCE-3AA0-4411-97F7-B42E7E0A430D}.Release|Any CPU.Build.0 = Release|Any CPU
	EndGlobalSection
	GlobalSection(SolutionProperties) = preSolution
		HideSolutionNode = FALSE
	EndGlobalSection
	GlobalSection(ExtensibilityGlobals) = postSolution
		SolutionGuid = {F29E454B-027E-4860-AFDE-43B994D22603}
	EndGlobalSection
EndGlobal
