
Microsoft Visual Studio Solution File, Format Version 12.00
# Visual Studio Version 16
VisualStudioVersion = 16.0.35325.158
MinimumVisualStudioVersion = 10.0.40219.1
Project("{FAE04EC0-301F-11D3-BF4B-00C04F79EFBC}") = "OOP 1", "OOP 1\OOP 1.csproj", "{A2A278FF-FCFE-4A02-9655-95FF3F5B058F}"
EndProject
Global
	GlobalSection(SolutionConfigurationPlatforms) = preSolution
		Debug|Any CPU = Debug|Any CPU
		Release|Any CPU = Release|Any CPU
	EndGlobalSection
	GlobalSection(ProjectConfigurationPlatforms) = postSolution
		{A2A278FF-FCFE-4A02-9655-95FF3F5B058F}.Debug|Any CPU.ActiveCfg = Debug|Any CPU
		{A2A278FF-FCFE-4A02-9655-95FF3F5B058F}.Debug|Any CPU.Build.0 = Debug|Any CPU
		{A2A278FF-FCFE-4A02-9655-95FF3F5B058F}.Release|Any CPU.ActiveCfg = Release|Any CPU
		{A2A278FF-FCFE-4A02-9655-95FF3F5B058F}.Release|Any CPU.Build.0 = Release|Any CPU
	EndGlobalSection
	GlobalSection(SolutionProperties) = preSolution
		HideSolutionNode = FALSE
	EndGlobalSection
	GlobalSection(ExtensibilityGlobals) = postSolution
		SolutionGuid = {339CC184-697B-4B79-927A-90B04A7895C9}
	EndGlobalSection
EndGlobal
