
Microsoft Visual Studio Solution File, Format Version 12.00
# Visual Studio Version 16
VisualStudioVersion = 16.0.29318.209
MinimumVisualStudioVersion = 10.0.40219.1
Project("{FAE04EC0-301F-11D3-BF4B-00C04F79EFBC}") = "Percentage . App", "Percentage . App\Percentage . App.csproj", "{5C241B3E-6E00-426F-833F-01ACA6E7507A}"
EndProject
Global
	GlobalSection(SolutionConfigurationPlatforms) = preSolution
		Debug|Any CPU = Debug|Any CPU
		Release|Any CPU = Release|Any CPU
	EndGlobalSection
	GlobalSection(ProjectConfigurationPlatforms) = postSolution
		{5C241B3E-6E00-426F-833F-01ACA6E7507A}.Debug|Any CPU.ActiveCfg = Debug|Any CPU
		{5C241B3E-6E00-426F-833F-01ACA6E7507A}.Debug|Any CPU.Build.0 = Debug|Any CPU
		{5C241B3E-6E00-426F-833F-01ACA6E7507A}.Release|Any CPU.ActiveCfg = Release|Any CPU
		{5C241B3E-6E00-426F-833F-01ACA6E7507A}.Release|Any CPU.Build.0 = Release|Any CPU
	EndGlobalSection
	GlobalSection(SolutionProperties) = preSolution
		HideSolutionNode = FALSE
	EndGlobalSection
	GlobalSection(ExtensibilityGlobals) = postSolution
		SolutionGuid = {8A44403A-A238-415D-9837-84BF4B7A9F5B}
	EndGlobalSection
EndGlobal
